// !$*UTF8*$!
{
	archiveVersion = 1;
	classes = {
	};
	objectVersion = 56;
	objects = {

/* Begin PBXBuildFile section */
		308774322A714EE8001C686A /* Alamofire in Frameworks */ = {isa = PBXBuildFile; productRef = 308774312A714EE8001C686A /* Alamofire */; };
		30BF67D32A6D66040078C8AE /* AppDelegate.swift in Sources */ = {isa = PBXBuildFile; fileRef = 30BF67D22A6D66040078C8AE /* AppDelegate.swift */; };
		30BF67D52A6D66040078C8AE /* SceneDelegate.swift in Sources */ = {isa = PBXBuildFile; fileRef = 30BF67D42A6D66040078C8AE /* SceneDelegate.swift */; };
		30BF67D72A6D66040078C8AE /* ListViewController.swift in Sources */ = {isa = PBXBuildFile; fileRef = 30BF67D62A6D66040078C8AE /* ListViewController.swift */; };
		30BF67DC2A6D66060078C8AE /* Assets.xcassets in Resources */ = {isa = PBXBuildFile; fileRef = 30BF67DB2A6D66060078C8AE /* Assets.xcassets */; };
		30BF67DF2A6D66060078C8AE /* LaunchScreen.storyboard in Resources */ = {isa = PBXBuildFile; fileRef = 30BF67DD2A6D66060078C8AE /* LaunchScreen.storyboard */; };
		30BF67EA2A6D72E80078C8AE /* ListViewModel.swift in Sources */ = {isa = PBXBuildFile; fileRef = 30BF67E92A6D72E80078C8AE /* ListViewModel.swift */; };
		30BF67EC2A6D72F00078C8AE /* ListDataController.swift in Sources */ = {isa = PBXBuildFile; fileRef = 30BF67EB2A6D72F00078C8AE /* ListDataController.swift */; };
		30BF67EF2A6D731A0078C8AE /* TabBarViewController.swift in Sources */ = {isa = PBXBuildFile; fileRef = 30BF67EE2A6D731A0078C8AE /* TabBarViewController.swift */; };
		30BF67F12A6D732C0078C8AE /* TabBarViewModel.swift in Sources */ = {isa = PBXBuildFile; fileRef = 30BF67F02A6D732C0078C8AE /* TabBarViewModel.swift */; };
		30BF67F32A6D733C0078C8AE /* TabBarDataController.swift in Sources */ = {isa = PBXBuildFile; fileRef = 30BF67F22A6D733C0078C8AE /* TabBarDataController.swift */; };
		30BF67F62A6D73570078C8AE /* BookmarksViewController.swift in Sources */ = {isa = PBXBuildFile; fileRef = 30BF67F52A6D73570078C8AE /* BookmarksViewController.swift */; };
		30BF67F82A6D73600078C8AE /* BookmarksViewModel.swift in Sources */ = {isa = PBXBuildFile; fileRef = 30BF67F72A6D73600078C8AE /* BookmarksViewModel.swift */; };
		30BF67FA2A6D73670078C8AE /* BookmarksDataController.swift in Sources */ = {isa = PBXBuildFile; fileRef = 30BF67F92A6D73670078C8AE /* BookmarksDataController.swift */; };
		30BF67FD2A6D86E70078C8AE /* ListCollectionViewCell.swift in Sources */ = {isa = PBXBuildFile; fileRef = 30BF67FC2A6D86E70078C8AE /* ListCollectionViewCell.swift */; };
		30BF68002A6D89AB0078C8AE /* MovieModel.swift in Sources */ = {isa = PBXBuildFile; fileRef = 30BF67FF2A6D89AB0078C8AE /* MovieModel.swift */; };
		30BF68072A6F0AB50078C8AE /* CategoryCollectionViewCell.swift in Sources */ = {isa = PBXBuildFile; fileRef = 30BF68062A6F0AB50078C8AE /* CategoryCollectionViewCell.swift */; };
		30BF680B2A6FFE2A0078C8AE /* movie_mock_data.json in Resources */ = {isa = PBXBuildFile; fileRef = 30BF680A2A6FFE2A0078C8AE /* movie_mock_data.json */; };
		30BF680E2A7003580078C8AE /* Kingfisher in Frameworks */ = {isa = PBXBuildFile; productRef = 30BF680D2A7003580078C8AE /* Kingfisher */; };
		30F3EDC72A71B8BE008F484C /* NetworkManager.swift in Sources */ = {isa = PBXBuildFile; fileRef = 30F3EDC62A71B8BE008F484C /* NetworkManager.swift */; };
		30F3EDC92A71B902008F484C /* Endpoint.swift in Sources */ = {isa = PBXBuildFile; fileRef = 30F3EDC82A71B902008F484C /* Endpoint.swift */; };
		30F3EDD12A71E96B008F484C /* Environment.plist in Resources */ = {isa = PBXBuildFile; fileRef = 30F3EDD02A71E96B008F484C /* Environment.plist */; };
		30F3EDD32A71E976008F484C /* EnvironmentManager.swift in Sources */ = {isa = PBXBuildFile; fileRef = 30F3EDD22A71E976008F484C /* EnvironmentManager.swift */; };
/* End PBXBuildFile section */

/* Begin PBXFileReference section */
		30BF67CF2A6D66040078C8AE /* MovieArchive.app */ = {isa = PBXFileReference; explicitFileType = wrapper.application; includeInIndex = 0; path = MovieArchive.app; sourceTree = BUILT_PRODUCTS_DIR; };
		30BF67D22A6D66040078C8AE /* AppDelegate.swift */ = {isa = PBXFileReference; lastKnownFileType = sourcecode.swift; path = AppDelegate.swift; sourceTree = "<group>"; };
		30BF67D42A6D66040078C8AE /* SceneDelegate.swift */ = {isa = PBXFileReference; lastKnownFileType = sourcecode.swift; path = SceneDelegate.swift; sourceTree = "<group>"; };
		30BF67D62A6D66040078C8AE /* ListViewController.swift */ = {isa = PBXFileReference; lastKnownFileType = sourcecode.swift; path = ListViewController.swift; sourceTree = "<group>"; };
		30BF67DB2A6D66060078C8AE /* Assets.xcassets */ = {isa = PBXFileReference; lastKnownFileType = folder.assetcatalog; path = Assets.xcassets; sourceTree = "<group>"; };
		30BF67DE2A6D66060078C8AE /* Base */ = {isa = PBXFileReference; lastKnownFileType = file.storyboard; name = Base; path = Base.lproj/LaunchScreen.storyboard; sourceTree = "<group>"; };
		30BF67E02A6D66060078C8AE /* Info.plist */ = {isa = PBXFileReference; lastKnownFileType = text.plist.xml; path = Info.plist; sourceTree = "<group>"; };
		30BF67E92A6D72E80078C8AE /* ListViewModel.swift */ = {isa = PBXFileReference; lastKnownFileType = sourcecode.swift; path = ListViewModel.swift; sourceTree = "<group>"; };
		30BF67EB2A6D72F00078C8AE /* ListDataController.swift */ = {isa = PBXFileReference; lastKnownFileType = sourcecode.swift; path = ListDataController.swift; sourceTree = "<group>"; };
		30BF67EE2A6D731A0078C8AE /* TabBarViewController.swift */ = {isa = PBXFileReference; lastKnownFileType = sourcecode.swift; path = TabBarViewController.swift; sourceTree = "<group>"; };
		30BF67F02A6D732C0078C8AE /* TabBarViewModel.swift */ = {isa = PBXFileReference; lastKnownFileType = sourcecode.swift; path = TabBarViewModel.swift; sourceTree = "<group>"; };
		30BF67F22A6D733C0078C8AE /* TabBarDataController.swift */ = {isa = PBXFileReference; lastKnownFileType = sourcecode.swift; path = TabBarDataController.swift; sourceTree = "<group>"; };
		30BF67F52A6D73570078C8AE /* BookmarksViewController.swift */ = {isa = PBXFileReference; lastKnownFileType = sourcecode.swift; path = BookmarksViewController.swift; sourceTree = "<group>"; };
		30BF67F72A6D73600078C8AE /* BookmarksViewModel.swift */ = {isa = PBXFileReference; lastKnownFileType = sourcecode.swift; path = BookmarksViewModel.swift; sourceTree = "<group>"; };
		30BF67F92A6D73670078C8AE /* BookmarksDataController.swift */ = {isa = PBXFileReference; lastKnownFileType = sourcecode.swift; path = BookmarksDataController.swift; sourceTree = "<group>"; };
		30BF67FC2A6D86E70078C8AE /* ListCollectionViewCell.swift */ = {isa = PBXFileReference; lastKnownFileType = sourcecode.swift; path = ListCollectionViewCell.swift; sourceTree = "<group>"; };
		30BF67FF2A6D89AB0078C8AE /* MovieModel.swift */ = {isa = PBXFileReference; lastKnownFileType = sourcecode.swift; path = MovieModel.swift; sourceTree = "<group>"; };
		30BF68062A6F0AB50078C8AE /* CategoryCollectionViewCell.swift */ = {isa = PBXFileReference; lastKnownFileType = sourcecode.swift; path = CategoryCollectionViewCell.swift; sourceTree = "<group>"; };
		30BF680A2A6FFE2A0078C8AE /* movie_mock_data.json */ = {isa = PBXFileReference; fileEncoding = 4; lastKnownFileType = text.json; name = movie_mock_data.json; path = ../../../../Desktop/movie_mock_data.json; sourceTree = "<group>"; };
		30F3EDC62A71B8BE008F484C /* NetworkManager.swift */ = {isa = PBXFileReference; lastKnownFileType = sourcecode.swift; path = NetworkManager.swift; sourceTree = "<group>"; };
		30F3EDC82A71B902008F484C /* Endpoint.swift */ = {isa = PBXFileReference; lastKnownFileType = sourcecode.swift; path = Endpoint.swift; sourceTree = "<group>"; };
		30F3EDD02A71E96B008F484C /* Environment.plist */ = {isa = PBXFileReference; lastKnownFileType = text.plist.xml; path = Environment.plist; sourceTree = "<group>"; };
		30F3EDD22A71E976008F484C /* EnvironmentManager.swift */ = {isa = PBXFileReference; lastKnownFileType = sourcecode.swift; path = EnvironmentManager.swift; sourceTree = "<group>"; };
/* End PBXFileReference section */

/* Begin PBXFrameworksBuildPhase section */
		30BF67CC2A6D66040078C8AE /* Frameworks */ = {
			isa = PBXFrameworksBuildPhase;
			buildActionMask = 2147483647;
			files = (
				30BF680E2A7003580078C8AE /* Kingfisher in Frameworks */,
				308774322A714EE8001C686A /* Alamofire in Frameworks */,
			);
			runOnlyForDeploymentPostprocessing = 0;
		};
/* End PBXFrameworksBuildPhase section */

/* Begin PBXGroup section */
		308774332A7180CE001C686A /* Networking */ = {
			isa = PBXGroup;
			children = (
				308774382A718378001C686A /* DatabaseService */,
				308774372A71836D001C686A /* APIService */,
			);
			path = Networking;
			sourceTree = "<group>";
		};
		308774342A7180D4001C686A /* Models */ = {
			isa = PBXGroup;
			children = (
				30BF67FF2A6D89AB0078C8AE /* MovieModel.swift */,
			);
			path = Models;
			sourceTree = "<group>";
		};
		308774352A7181FB001C686A /* Utilities */ = {
			isa = PBXGroup;
			children = (
			);
			path = Utilities;
			sourceTree = "<group>";
		};
		308774362A718203001C686A /* Helpers */ = {
			isa = PBXGroup;
			children = (
			);
			path = Helpers;
			sourceTree = "<group>";
		};
		308774372A71836D001C686A /* APIService */ = {
			isa = PBXGroup;
			children = (
				30F3EDC62A71B8BE008F484C /* NetworkManager.swift */,
				30F3EDC82A71B902008F484C /* Endpoint.swift */,
			);
			path = APIService;
			sourceTree = "<group>";
		};
		308774382A718378001C686A /* DatabaseService */ = {
			isa = PBXGroup;
			children = (
			);
			path = DatabaseService;
			sourceTree = "<group>";
		};
		30BF67C62A6D66040078C8AE = {
			isa = PBXGroup;
			children = (
				30BF67D12A6D66040078C8AE /* MovieArchive */,
				30BF67D02A6D66040078C8AE /* Products */,
			);
			sourceTree = "<group>";
		};
		30BF67D02A6D66040078C8AE /* Products */ = {
			isa = PBXGroup;
			children = (
				30BF67CF2A6D66040078C8AE /* MovieArchive.app */,
			);
			name = Products;
			sourceTree = "<group>";
		};
		30BF67D12A6D66040078C8AE /* MovieArchive */ = {
			isa = PBXGroup;
			children = (
				30F3EDCF2A71E945008F484C /* Environment */,
				308774362A718203001C686A /* Helpers */,
				30BF68012A6D979A0078C8AE /* Mock Datas */,
				308774342A7180D4001C686A /* Models */,
				30BF67E62A6D72B90078C8AE /* Modules */,
				308774332A7180CE001C686A /* Networking */,
				30BF67FB2A6D736D0078C8AE /* Supported Files */,
				308774352A7181FB001C686A /* Utilities */,
			);
			path = MovieArchive;
			sourceTree = "<group>";
		};
		30BF67E62A6D72B90078C8AE /* Modules */ = {
			isa = PBXGroup;
			children = (
				30BF67F42A6D73450078C8AE /* Bookmark */,
				30BF67E82A6D72DE0078C8AE /* Home */,
				30BF67ED2A6D73070078C8AE /* Tab Bar */,
			);
			path = Modules;
			sourceTree = "<group>";
		};
		30BF67E82A6D72DE0078C8AE /* Home */ = {
			isa = PBXGroup;
			children = (
				30BF67D62A6D66040078C8AE /* ListViewController.swift */,
				30BF67E92A6D72E80078C8AE /* ListViewModel.swift */,
				30BF67EB2A6D72F00078C8AE /* ListDataController.swift */,
				30BF67FC2A6D86E70078C8AE /* ListCollectionViewCell.swift */,
				30BF68062A6F0AB50078C8AE /* CategoryCollectionViewCell.swift */,
			);
			path = Home;
			sourceTree = "<group>";
		};
		30BF67ED2A6D73070078C8AE /* Tab Bar */ = {
			isa = PBXGroup;
			children = (
				30BF67EE2A6D731A0078C8AE /* TabBarViewController.swift */,
				30BF67F02A6D732C0078C8AE /* TabBarViewModel.swift */,
				30BF67F22A6D733C0078C8AE /* TabBarDataController.swift */,
			);
			path = "Tab Bar";
			sourceTree = "<group>";
		};
		30BF67F42A6D73450078C8AE /* Bookmark */ = {
			isa = PBXGroup;
			children = (
				30BF67F52A6D73570078C8AE /* BookmarksViewController.swift */,
				30BF67F72A6D73600078C8AE /* BookmarksViewModel.swift */,
				30BF67F92A6D73670078C8AE /* BookmarksDataController.swift */,
			);
			path = Bookmark;
			sourceTree = "<group>";
		};
		30BF67FB2A6D736D0078C8AE /* Supported Files */ = {
			isa = PBXGroup;
			children = (
				30BF67D22A6D66040078C8AE /* AppDelegate.swift */,
				30BF67D42A6D66040078C8AE /* SceneDelegate.swift */,
				30BF67DB2A6D66060078C8AE /* Assets.xcassets */,
				30BF67DD2A6D66060078C8AE /* LaunchScreen.storyboard */,
				30BF67E02A6D66060078C8AE /* Info.plist */,
			);
			path = "Supported Files";
			sourceTree = "<group>";
		};
		30BF68012A6D979A0078C8AE /* Mock Datas */ = {
			isa = PBXGroup;
			children = (
				30BF680A2A6FFE2A0078C8AE /* movie_mock_data.json */,
			);
			path = "Mock Datas";
			sourceTree = "<group>";
		};
		30F3EDCF2A71E945008F484C /* Environment */ = {
			isa = PBXGroup;
			children = (
				30F3EDD02A71E96B008F484C /* Environment.plist */,
				30F3EDD22A71E976008F484C /* EnvironmentManager.swift */,
			);
			path = Environment;
			sourceTree = "<group>";
		};
/* End PBXGroup section */

/* Begin PBXNativeTarget section */
		30BF67CE2A6D66040078C8AE /* MovieArchive */ = {
			isa = PBXNativeTarget;
			buildConfigurationList = 30BF67E32A6D66060078C8AE /* Build configuration list for PBXNativeTarget "MovieArchive" */;
			buildPhases = (
				30BF67CB2A6D66040078C8AE /* Sources */,
				30BF67CC2A6D66040078C8AE /* Frameworks */,
				30BF67CD2A6D66040078C8AE /* Resources */,
			);
			buildRules = (
			);
			dependencies = (
			);
			name = MovieArchive;
			packageProductDependencies = (
				30BF680D2A7003580078C8AE /* Kingfisher */,
				308774312A714EE8001C686A /* Alamofire */,
			);
			productName = MovieArchive;
			productReference = 30BF67CF2A6D66040078C8AE /* MovieArchive.app */;
			productType = "com.apple.product-type.application";
		};
/* End PBXNativeTarget section */

/* Begin PBXProject section */
		30BF67C72A6D66040078C8AE /* Project object */ = {
			isa = PBXProject;
			attributes = {
				BuildIndependentTargetsInParallel = 1;
				LastSwiftUpdateCheck = 1430;
				LastUpgradeCheck = 1430;
				TargetAttributes = {
					30BF67CE2A6D66040078C8AE = {
						CreatedOnToolsVersion = 14.3.1;
					};
				};
			};
			buildConfigurationList = 30BF67CA2A6D66040078C8AE /* Build configuration list for PBXProject "MovieArchive" */;
			compatibilityVersion = "Xcode 14.0";
			developmentRegion = en;
			hasScannedForEncodings = 0;
			knownRegions = (
				en,
				Base,
			);
			mainGroup = 30BF67C62A6D66040078C8AE;
			packageReferences = (
				30BF680C2A7003580078C8AE /* XCRemoteSwiftPackageReference "Kingfisher" */,
				308774302A714EE8001C686A /* XCRemoteSwiftPackageReference "Alamofire" */,
			);
			productRefGroup = 30BF67D02A6D66040078C8AE /* Products */;
			projectDirPath = "";
			projectRoot = "";
			targets = (
				30BF67CE2A6D66040078C8AE /* MovieArchive */,
			);
		};
/* End PBXProject section */

/* Begin PBXResourcesBuildPhase section */
		30BF67CD2A6D66040078C8AE /* Resources */ = {
			isa = PBXResourcesBuildPhase;
			buildActionMask = 2147483647;
			files = (
				30F3EDD12A71E96B008F484C /* Environment.plist in Resources */,
				30BF67DF2A6D66060078C8AE /* LaunchScreen.storyboard in Resources */,
				30BF680B2A6FFE2A0078C8AE /* movie_mock_data.json in Resources */,
				30BF67DC2A6D66060078C8AE /* Assets.xcassets in Resources */,
			);
			runOnlyForDeploymentPostprocessing = 0;
		};
/* End PBXResourcesBuildPhase section */

/* Begin PBXSourcesBuildPhase section */
		30BF67CB2A6D66040078C8AE /* Sources */ = {
			isa = PBXSourcesBuildPhase;
			buildActionMask = 2147483647;
			files = (
				30BF67F12A6D732C0078C8AE /* TabBarViewModel.swift in Sources */,
				30BF67D72A6D66040078C8AE /* ListViewController.swift in Sources */,
				30BF67D32A6D66040078C8AE /* AppDelegate.swift in Sources */,
				30BF67D52A6D66040078C8AE /* SceneDelegate.swift in Sources */,
				30BF67EF2A6D731A0078C8AE /* TabBarViewController.swift in Sources */,
				30BF67FD2A6D86E70078C8AE /* ListCollectionViewCell.swift in Sources */,
				30BF68002A6D89AB0078C8AE /* MovieModel.swift in Sources */,
				30BF67FA2A6D73670078C8AE /* BookmarksDataController.swift in Sources */,
				30BF67EA2A6D72E80078C8AE /* ListViewModel.swift in Sources */,
				30BF67F82A6D73600078C8AE /* BookmarksViewModel.swift in Sources */,
				30F3EDC92A71B902008F484C /* Endpoint.swift in Sources */,
				30BF67F32A6D733C0078C8AE /* TabBarDataController.swift in Sources */,
				30BF67F62A6D73570078C8AE /* BookmarksViewController.swift in Sources */,
				30F3EDC72A71B8BE008F484C /* NetworkManager.swift in Sources */,
				30BF68072A6F0AB50078C8AE /* CategoryCollectionViewCell.swift in Sources */,
				30BF67EC2A6D72F00078C8AE /* ListDataController.swift in Sources */,
				30F3EDD32A71E976008F484C /* EnvironmentManager.swift in Sources */,
			);
			runOnlyForDeploymentPostprocessing = 0;
		};
/* End PBXSourcesBuildPhase section */

/* Begin PBXVariantGroup section */
		30BF67DD2A6D66060078C8AE /* LaunchScreen.storyboard */ = {
			isa = PBXVariantGroup;
			children = (
				30BF67DE2A6D66060078C8AE /* Base */,
			);
			name = LaunchScreen.storyboard;
			sourceTree = "<group>";
		};
/* End PBXVariantGroup section */

/* Begin XCBuildConfiguration section */
		30BF67E12A6D66060078C8AE /* Debug */ = {
			isa = XCBuildConfiguration;
			buildSettings = {
				ALWAYS_SEARCH_USER_PATHS = NO;
				CLANG_ANALYZER_NONNULL = YES;
				CLANG_ANALYZER_NUMBER_OBJECT_CONVERSION = YES_AGGRESSIVE;
				CLANG_CXX_LANGUAGE_STANDARD = "gnu++20";
				CLANG_ENABLE_MODULES = YES;
				CLANG_ENABLE_OBJC_ARC = YES;
				CLANG_ENABLE_OBJC_WEAK = YES;
				CLANG_WARN_BLOCK_CAPTURE_AUTORELEASING = YES;
				CLANG_WARN_BOOL_CONVERSION = YES;
				CLANG_WARN_COMMA = YES;
				CLANG_WARN_CONSTANT_CONVERSION = YES;
				CLANG_WARN_DEPRECATED_OBJC_IMPLEMENTATIONS = YES;
				CLANG_WARN_DIRECT_OBJC_ISA_USAGE = YES_ERROR;
				CLANG_WARN_DOCUMENTATION_COMMENTS = YES;
				CLANG_WARN_EMPTY_BODY = YES;
				CLANG_WARN_ENUM_CONVERSION = YES;
				CLANG_WARN_INFINITE_RECURSION = YES;
				CLANG_WARN_INT_CONVERSION = YES;
				CLANG_WARN_NON_LITERAL_NULL_CONVERSION = YES;
				CLANG_WARN_OBJC_IMPLICIT_RETAIN_SELF = YES;
				CLANG_WARN_OBJC_LITERAL_CONVERSION = YES;
				CLANG_WARN_OBJC_ROOT_CLASS = YES_ERROR;
				CLANG_WARN_QUOTED_INCLUDE_IN_FRAMEWORK_HEADER = YES;
				CLANG_WARN_RANGE_LOOP_ANALYSIS = YES;
				CLANG_WARN_STRICT_PROTOTYPES = YES;
				CLANG_WARN_SUSPICIOUS_MOVE = YES;
				CLANG_WARN_UNGUARDED_AVAILABILITY = YES_AGGRESSIVE;
				CLANG_WARN_UNREACHABLE_CODE = YES;
				CLANG_WARN__DUPLICATE_METHOD_MATCH = YES;
				COPY_PHASE_STRIP = NO;
				DEBUG_INFORMATION_FORMAT = dwarf;
				ENABLE_STRICT_OBJC_MSGSEND = YES;
				ENABLE_TESTABILITY = YES;
				GCC_C_LANGUAGE_STANDARD = gnu11;
				GCC_DYNAMIC_NO_PIC = NO;
				GCC_NO_COMMON_BLOCKS = YES;
				GCC_OPTIMIZATION_LEVEL = 0;
				GCC_PREPROCESSOR_DEFINITIONS = (
					"DEBUG=1",
					"$(inherited)",
				);
				GCC_WARN_64_TO_32_BIT_CONVERSION = YES;
				GCC_WARN_ABOUT_RETURN_TYPE = YES_ERROR;
				GCC_WARN_UNDECLARED_SELECTOR = YES;
				GCC_WARN_UNINITIALIZED_AUTOS = YES_AGGRESSIVE;
				GCC_WARN_UNUSED_FUNCTION = YES;
				GCC_WARN_UNUSED_VARIABLE = YES;
				INFOPLIST_KEY_UIStatusBarStyle = UIStatusBarStyleDefault;
				IPHONEOS_DEPLOYMENT_TARGET = 16.4;
				MTL_ENABLE_DEBUG_INFO = INCLUDE_SOURCE;
				MTL_FAST_MATH = YES;
				ONLY_ACTIVE_ARCH = YES;
				SDKROOT = iphoneos;
				SWIFT_ACTIVE_COMPILATION_CONDITIONS = DEBUG;
				SWIFT_OPTIMIZATION_LEVEL = "-Onone";
			};
			name = Debug;
		};
		30BF67E22A6D66060078C8AE /* Release */ = {
			isa = XCBuildConfiguration;
			buildSettings = {
				ALWAYS_SEARCH_USER_PATHS = NO;
				CLANG_ANALYZER_NONNULL = YES;
				CLANG_ANALYZER_NUMBER_OBJECT_CONVERSION = YES_AGGRESSIVE;
				CLANG_CXX_LANGUAGE_STANDARD = "gnu++20";
				CLANG_ENABLE_MODULES = YES;
				CLANG_ENABLE_OBJC_ARC = YES;
				CLANG_ENABLE_OBJC_WEAK = YES;
				CLANG_WARN_BLOCK_CAPTURE_AUTORELEASING = YES;
				CLANG_WARN_BOOL_CONVERSION = YES;
				CLANG_WARN_COMMA = YES;
				CLANG_WARN_CONSTANT_CONVERSION = YES;
				CLANG_WARN_DEPRECATED_OBJC_IMPLEMENTATIONS = YES;
				CLANG_WARN_DIRECT_OBJC_ISA_USAGE = YES_ERROR;
				CLANG_WARN_DOCUMENTATION_COMMENTS = YES;
				CLANG_WARN_EMPTY_BODY = YES;
				CLANG_WARN_ENUM_CONVERSION = YES;
				CLANG_WARN_INFINITE_RECURSION = YES;
				CLANG_WARN_INT_CONVERSION = YES;
				CLANG_WARN_NON_LITERAL_NULL_CONVERSION = YES;
				CLANG_WARN_OBJC_IMPLICIT_RETAIN_SELF = YES;
				CLANG_WARN_OBJC_LITERAL_CONVERSION = YES;
				CLANG_WARN_OBJC_ROOT_CLASS = YES_ERROR;
				CLANG_WARN_QUOTED_INCLUDE_IN_FRAMEWORK_HEADER = YES;
				CLANG_WARN_RANGE_LOOP_ANALYSIS = YES;
				CLANG_WARN_STRICT_PROTOTYPES = YES;
				CLANG_WARN_SUSPICIOUS_MOVE = YES;
				CLANG_WARN_UNGUARDED_AVAILABILITY = YES_AGGRESSIVE;
				CLANG_WARN_UNREACHABLE_CODE = YES;
				CLANG_WARN__DUPLICATE_METHOD_MATCH = YES;
				COPY_PHASE_STRIP = NO;
				DEBUG_INFORMATION_FORMAT = "dwarf-with-dsym";
				ENABLE_NS_ASSERTIONS = NO;
				ENABLE_STRICT_OBJC_MSGSEND = YES;
				GCC_C_LANGUAGE_STANDARD = gnu11;
				GCC_NO_COMMON_BLOCKS = YES;
				GCC_WARN_64_TO_32_BIT_CONVERSION = YES;
				GCC_WARN_ABOUT_RETURN_TYPE = YES_ERROR;
				GCC_WARN_UNDECLARED_SELECTOR = YES;
				GCC_WARN_UNINITIALIZED_AUTOS = YES_AGGRESSIVE;
				GCC_WARN_UNUSED_FUNCTION = YES;
				GCC_WARN_UNUSED_VARIABLE = YES;
				INFOPLIST_KEY_UIStatusBarStyle = UIStatusBarStyleDefault;
				IPHONEOS_DEPLOYMENT_TARGET = 16.4;
				MTL_ENABLE_DEBUG_INFO = NO;
				MTL_FAST_MATH = YES;
				SDKROOT = iphoneos;
				SWIFT_COMPILATION_MODE = wholemodule;
				SWIFT_OPTIMIZATION_LEVEL = "-O";
				VALIDATE_PRODUCT = YES;
			};
			name = Release;
		};
		30BF67E42A6D66060078C8AE /* Debug */ = {
			isa = XCBuildConfiguration;
			buildSettings = {
				ASSETCATALOG_COMPILER_APPICON_NAME = AppIcon;
				ASSETCATALOG_COMPILER_GLOBAL_ACCENT_COLOR_NAME = AccentColor;
				CODE_SIGN_STYLE = Automatic;
				CURRENT_PROJECT_VERSION = 1;
				DEVELOPMENT_TEAM = 5D7BCH3W4F;
				GENERATE_INFOPLIST_FILE = YES;
				INFOPLIST_FILE = "MovieArchive/Supported Files/Info.plist";
				INFOPLIST_KEY_UIApplicationSupportsIndirectInputEvents = YES;
				INFOPLIST_KEY_UILaunchStoryboardName = LaunchScreen;
				INFOPLIST_KEY_UIMainStoryboardFile = "";
				INFOPLIST_KEY_UIStatusBarStyle = "";
				INFOPLIST_KEY_UISupportedInterfaceOrientations = UIInterfaceOrientationPortrait;
				LD_RUNPATH_SEARCH_PATHS = (
					"$(inherited)",
					"@executable_path/Frameworks",
				);
				MARKETING_VERSION = 1.0;
				PRODUCT_BUNDLE_IDENTIFIER = com.emrecakir.MovieArchive;
				PRODUCT_NAME = "$(TARGET_NAME)";
				SWIFT_EMIT_LOC_STRINGS = YES;
				SWIFT_VERSION = 5.0;
				TARGETED_DEVICE_FAMILY = "1,2";
			};
			name = Debug;
		};
		30BF67E52A6D66060078C8AE /* Release */ = {
			isa = XCBuildConfiguration;
			buildSettings = {
				ASSETCATALOG_COMPILER_APPICON_NAME = AppIcon;
				ASSETCATALOG_COMPILER_GLOBAL_ACCENT_COLOR_NAME = AccentColor;
				CODE_SIGN_STYLE = Automatic;
				CURRENT_PROJECT_VERSION = 1;
				DEVELOPMENT_TEAM = 5D7BCH3W4F;
				GENERATE_INFOPLIST_FILE = YES;
				INFOPLIST_FILE = "MovieArchive/Supported Files/Info.plist";
				INFOPLIST_KEY_UIApplicationSupportsIndirectInputEvents = YES;
				INFOPLIST_KEY_UILaunchStoryboardName = LaunchScreen;
				INFOPLIST_KEY_UIMainStoryboardFile = "";
				INFOPLIST_KEY_UIStatusBarStyle = "";
				INFOPLIST_KEY_UISupportedInterfaceOrientations = UIInterfaceOrientationPortrait;
				LD_RUNPATH_SEARCH_PATHS = (
					"$(inherited)",
					"@executable_path/Frameworks",
				);
				MARKETING_VERSION = 1.0;
				PRODUCT_BUNDLE_IDENTIFIER = com.emrecakir.MovieArchive;
				PRODUCT_NAME = "$(TARGET_NAME)";
				SWIFT_EMIT_LOC_STRINGS = YES;
				SWIFT_VERSION = 5.0;
				TARGETED_DEVICE_FAMILY = "1,2";
			};
			name = Release;
		};
/* End XCBuildConfiguration section */

/* Begin XCConfigurationList section */
		30BF67CA2A6D66040078C8AE /* Build configuration list for PBXProject "MovieArchive" */ = {
			isa = XCConfigurationList;
			buildConfigurations = (
				30BF67E12A6D66060078C8AE /* Debug */,
				30BF67E22A6D66060078C8AE /* Release */,
			);
			defaultConfigurationIsVisible = 0;
			defaultConfigurationName = Release;
		};
		30BF67E32A6D66060078C8AE /* Build configuration list for PBXNativeTarget "MovieArchive" */ = {
			isa = XCConfigurationList;
			buildConfigurations = (
				30BF67E42A6D66060078C8AE /* Debug */,
				30BF67E52A6D66060078C8AE /* Release */,
			);
			defaultConfigurationIsVisible = 0;
			defaultConfigurationName = Release;
		};
/* End XCConfigurationList section */

/* Begin XCRemoteSwiftPackageReference section */
		308774302A714EE8001C686A /* XCRemoteSwiftPackageReference "Alamofire" */ = {
			isa = XCRemoteSwiftPackageReference;
			repositoryURL = "https://github.com/Alamofire/Alamofire";
			requirement = {
				kind = upToNextMajorVersion;
				minimumVersion = 5.0.0;
			};
		};
		30BF680C2A7003580078C8AE /* XCRemoteSwiftPackageReference "Kingfisher" */ = {
			isa = XCRemoteSwiftPackageReference;
			repositoryURL = "https://github.com/onevcat/Kingfisher";
			requirement = {
				kind = upToNextMajorVersion;
				minimumVersion = 7.0.0;
			};
		};
/* End XCRemoteSwiftPackageReference section */

/* Begin XCSwiftPackageProductDependency section */
		308774312A714EE8001C686A /* Alamofire */ = {
			isa = XCSwiftPackageProductDependency;
			package = 308774302A714EE8001C686A /* XCRemoteSwiftPackageReference "Alamofire" */;
			productName = Alamofire;
		};
		30BF680D2A7003580078C8AE /* Kingfisher */ = {
			isa = XCSwiftPackageProductDependency;
			package = 30BF680C2A7003580078C8AE /* XCRemoteSwiftPackageReference "Kingfisher" */;
			productName = Kingfisher;
		};
/* End XCSwiftPackageProductDependency section */
	};
	rootObject = 30BF67C72A6D66040078C8AE /* Project object */;
}
